// !$*UTF8*$!
{
	archiveVersion = 1;
	classes = {
	};
	objectVersion = 46;
	objects = {

/* Begin PBXBuildFile section */
		21F503CC1F947281008599B8 /* AppDelegate.swift in Sources */ = {isa = PBXBuildFile; fileRef = 21F503CB1F947281008599B8 /* AppDelegate.swift */; };
		21F503CE1F947281008599B8 /* art.scnassets in Resources */ = {isa = PBXBuildFile; fileRef = 21F503CD1F947281008599B8 /* art.scnassets */; };
		21F503D01F947281008599B8 /* GameViewController.swift in Sources */ = {isa = PBXBuildFile; fileRef = 21F503CF1F947281008599B8 /* GameViewController.swift */; };
		21F503D31F947281008599B8 /* Main.storyboard in Resources */ = {isa = PBXBuildFile; fileRef = 21F503D11F947281008599B8 /* Main.storyboard */; };
		21F503D51F947281008599B8 /* Assets.xcassets in Resources */ = {isa = PBXBuildFile; fileRef = 21F503D41F947281008599B8 /* Assets.xcassets */; };
		21F503D81F947281008599B8 /* LaunchScreen.storyboard in Resources */ = {isa = PBXBuildFile; fileRef = 21F503D61F947281008599B8 /* LaunchScreen.storyboard */; };
		21F503E31F947281008599B8 /* ComboNumericTests.swift in Sources */ = {isa = PBXBuildFile; fileRef = 21F503E21F947281008599B8 /* ComboNumericTests.swift */; };
		21F503EE1F947281008599B8 /* ComboNumericUITests.swift in Sources */ = {isa = PBXBuildFile; fileRef = 21F503ED1F947281008599B8 /* ComboNumericUITests.swift */; };
/* End PBXBuildFile section */

/* Begin PBXContainerItemProxy section */
		21F503DF1F947281008599B8 /* PBXContainerItemProxy */ = {
			isa = PBXContainerItemProxy;
			containerPortal = 21F503C01F947281008599B8 /* Project object */;
			proxyType = 1;
			remoteGlobalIDString = 21F503C71F947281008599B8;
			remoteInfo = ComboNumeric;
		};
		21F503EA1F947281008599B8 /* PBXContainerItemProxy */ = {
			isa = PBXContainerItemProxy;
			containerPortal = 21F503C01F947281008599B8 /* Project object */;
			proxyType = 1;
			remoteGlobalIDString = 21F503C71F947281008599B8;
			remoteInfo = ComboNumeric;
		};
/* End PBXContainerItemProxy section */

/* Begin PBXFileReference section */
		21F503C81F947281008599B8 /* ComboNumeric.app */ = {isa = PBXFileReference; explicitFileType = wrapper.application; includeInIndex = 0; path = ComboNumeric.app; sourceTree = BUILT_PRODUCTS_DIR; };
		21F503CB1F947281008599B8 /* AppDelegate.swift */ = {isa = PBXFileReference; lastKnownFileType = sourcecode.swift; path = AppDelegate.swift; sourceTree = "<group>"; };
		21F503CD1F947281008599B8 /* art.scnassets */ = {isa = PBXFileReference; lastKnownFileType = wrapper.scnassets; path = art.scnassets; sourceTree = "<group>"; };
		21F503CF1F947281008599B8 /* GameViewController.swift */ = {isa = PBXFileReference; lastKnownFileType = sourcecode.swift; path = GameViewController.swift; sourceTree = "<group>"; };
		21F503D21F947281008599B8 /* Base */ = {isa = PBXFileReference; lastKnownFileType = file.storyboard; name = Base; path = Base.lproj/Main.storyboard; sourceTree = "<group>"; };
		21F503D41F947281008599B8 /* Assets.xcassets */ = {isa = PBXFileReference; lastKnownFileType = folder.assetcatalog; path = Assets.xcassets; sourceTree = "<group>"; };
		21F503D71F947281008599B8 /* Base */ = {isa = PBXFileReference; lastKnownFileType = file.storyboard; name = Base; path = Base.lproj/LaunchScreen.storyboard; sourceTree = "<group>"; };
		21F503D91F947281008599B8 /* Info.plist */ = {isa = PBXFileReference; lastKnownFileType = text.plist.xml; path = Info.plist; sourceTree = "<group>"; };
		21F503DE1F947281008599B8 /* ComboNumericTests.xctest */ = {isa = PBXFileReference; explicitFileType = wrapper.cfbundle; includeInIndex = 0; path = ComboNumericTests.xctest; sourceTree = BUILT_PRODUCTS_DIR; };
		21F503E21F947281008599B8 /* ComboNumericTests.swift */ = {isa = PBXFileReference; lastKnownFileType = sourcecode.swift; path = ComboNumericTests.swift; sourceTree = "<group>"; };
		21F503E41F947281008599B8 /* Info.plist */ = {isa = PBXFileReference; lastKnownFileType = text.plist.xml; path = Info.plist; sourceTree = "<group>"; };
		21F503E91F947281008599B8 /* ComboNumericUITests.xctest */ = {isa = PBXFileReference; explicitFileType = wrapper.cfbundle; includeInIndex = 0; path = ComboNumericUITests.xctest; sourceTree = BUILT_PRODUCTS_DIR; };
		21F503ED1F947281008599B8 /* ComboNumericUITests.swift */ = {isa = PBXFileReference; lastKnownFileType = sourcecode.swift; path = ComboNumericUITests.swift; sourceTree = "<group>"; };
		21F503EF1F947281008599B8 /* Info.plist */ = {isa = PBXFileReference; lastKnownFileType = text.plist.xml; path = Info.plist; sourceTree = "<group>"; };
/* End PBXFileReference section */

/* Begin PBXFrameworksBuildPhase section */
		21F503C51F947281008599B8 /* Frameworks */ = {
			isa = PBXFrameworksBuildPhase;
			buildActionMask = 2147483647;
			files = (
			);
			runOnlyForDeploymentPostprocessing = 0;
		};
		21F503DB1F947281008599B8 /* Frameworks */ = {
			isa = PBXFrameworksBuildPhase;
			buildActionMask = 2147483647;
			files = (
			);
			runOnlyForDeploymentPostprocessing = 0;
		};
		21F503E61F947281008599B8 /* Frameworks */ = {
			isa = PBXFrameworksBuildPhase;
			buildActionMask = 2147483647;
			files = (
			);
			runOnlyForDeploymentPostprocessing = 0;
		};
/* End PBXFrameworksBuildPhase section */

/* Begin PBXGroup section */
		21F503BF1F947281008599B8 = {
			isa = PBXGroup;
			children = (
				21F503CA1F947281008599B8 /* ComboNumeric */,
				21F503E11F947281008599B8 /* ComboNumericTests */,
				21F503EC1F947281008599B8 /* ComboNumericUITests */,
				21F503C91F947281008599B8 /* Products */,
			);
			sourceTree = "<group>";
		};
		21F503C91F947281008599B8 /* Products */ = {
			isa = PBXGroup;
			children = (
				21F503C81F947281008599B8 /* ComboNumeric.app */,
				21F503DE1F947281008599B8 /* ComboNumericTests.xctest */,
				21F503E91F947281008599B8 /* ComboNumericUITests.xctest */,
			);
			name = Products;
			sourceTree = "<group>";
		};
		21F503CA1F947281008599B8 /* ComboNumeric */ = {
			isa = PBXGroup;
			children = (
				21F503CB1F947281008599B8 /* AppDelegate.swift */,
				21F503CD1F947281008599B8 /* art.scnassets */,
				21F503CF1F947281008599B8 /* GameViewController.swift */,
				21F503D11F947281008599B8 /* Main.storyboard */,
				21F503D41F947281008599B8 /* Assets.xcassets */,
				21F503D61F947281008599B8 /* LaunchScreen.storyboard */,
				21F503D91F947281008599B8 /* Info.plist */,
			);
			path = ComboNumeric;
			sourceTree = "<group>";
		};
		21F503E11F947281008599B8 /* ComboNumericTests */ = {
			isa = PBXGroup;
			children = (
				21F503E21F947281008599B8 /* ComboNumericTests.swift */,
				21F503E41F947281008599B8 /* Info.plist */,
			);
			path = ComboNumericTests;
			sourceTree = "<group>";
		};
		21F503EC1F947281008599B8 /* ComboNumericUITests */ = {
			isa = PBXGroup;
			children = (
				21F503ED1F947281008599B8 /* ComboNumericUITests.swift */,
				21F503EF1F947281008599B8 /* Info.plist */,
			);
			path = ComboNumericUITests;
			sourceTree = "<group>";
		};
/* End PBXGroup section */

/* Begin PBXNativeTarget section */
		21F503C71F947281008599B8 /* ComboNumeric */ = {
			isa = PBXNativeTarget;
			buildConfigurationList = 21F503F21F947281008599B8 /* Build configuration list for PBXNativeTarget "ComboNumeric" */;
			buildPhases = (
				21F503C41F947281008599B8 /* Sources */,
				21F503C51F947281008599B8 /* Frameworks */,
				21F503C61F947281008599B8 /* Resources */,
			);
			buildRules = (
			);
			dependencies = (
			);
			name = ComboNumeric;
			productName = ComboNumeric;
			productReference = 21F503C81F947281008599B8 /* ComboNumeric.app */;
			productType = "com.apple.product-type.application";
		};
		21F503DD1F947281008599B8 /* ComboNumericTests */ = {
			isa = PBXNativeTarget;
			buildConfigurationList = 21F503F51F947281008599B8 /* Build configuration list for PBXNativeTarget "ComboNumericTests" */;
			buildPhases = (
				21F503DA1F947281008599B8 /* Sources */,
				21F503DB1F947281008599B8 /* Frameworks */,
				21F503DC1F947281008599B8 /* Resources */,
			);
			buildRules = (
			);
			dependencies = (
				21F503E01F947281008599B8 /* PBXTargetDependency */,
			);
			name = ComboNumericTests;
			productName = ComboNumericTests;
			productReference = 21F503DE1F947281008599B8 /* ComboNumericTests.xctest */;
			productType = "com.apple.product-type.bundle.unit-test";
		};
		21F503E81F947281008599B8 /* ComboNumericUITests */ = {
			isa = PBXNativeTarget;
			buildConfigurationList = 21F503F81F947281008599B8 /* Build configuration list for PBXNativeTarget "ComboNumericUITests" */;
			buildPhases = (
				21F503E51F947281008599B8 /* Sources */,
				21F503E61F947281008599B8 /* Frameworks */,
				21F503E71F947281008599B8 /* Resources */,
			);
			buildRules = (
			);
			dependencies = (
				21F503EB1F947281008599B8 /* PBXTargetDependency */,
			);
			name = ComboNumericUITests;
			productName = ComboNumericUITests;
			productReference = 21F503E91F947281008599B8 /* ComboNumericUITests.xctest */;
			productType = "com.apple.product-type.bundle.ui-testing";
		};
/* End PBXNativeTarget section */

/* Begin PBXProject section */
		21F503C01F947281008599B8 /* Project object */ = {
			isa = PBXProject;
			attributes = {
				LastSwiftUpdateCheck = 0730;
				LastUpgradeCheck = 0730;
				ORGANIZATIONNAME = AJ;
				TargetAttributes = {
					21F503C71F947281008599B8 = {
						CreatedOnToolsVersion = 7.3.1;
					};
					21F503DD1F947281008599B8 = {
						CreatedOnToolsVersion = 7.3.1;
						TestTargetID = 21F503C71F947281008599B8;
					};
					21F503E81F947281008599B8 = {
						CreatedOnToolsVersion = 7.3.1;
						TestTargetID = 21F503C71F947281008599B8;
					};
				};
			};
			buildConfigurationList = 21F503C31F947281008599B8 /* Build configuration list for PBXProject "ComboNumeric" */;
			compatibilityVersion = "Xcode 3.2";
			developmentRegion = English;
			hasScannedForEncodings = 0;
			knownRegions = (
				en,
				Base,
			);
			mainGroup = 21F503BF1F947281008599B8;
			productRefGroup = 21F503C91F947281008599B8 /* Products */;
			projectDirPath = "";
			projectRoot = "";
			targets = (
				21F503C71F947281008599B8 /* ComboNumeric */,
				21F503DD1F947281008599B8 /* ComboNumericTests */,
				21F503E81F947281008599B8 /* ComboNumericUITests */,
			);
		};
/* End PBXProject section */

/* Begin PBXResourcesBuildPhase section */
		21F503C61F947281008599B8 /* Resources */ = {
			isa = PBXResourcesBuildPhase;
			buildActionMask = 2147483647;
			files = (
				21F503CE1F947281008599B8 /* art.scnassets in Resources */,
				21F503D81F947281008599B8 /* LaunchScreen.storyboard in Resources */,
				21F503D51F947281008599B8 /* Assets.xcassets in Resources */,
				21F503D31F947281008599B8 /* Main.storyboard in Resources */,
			);
			runOnlyForDeploymentPostprocessing = 0;
		};
		21F503DC1F947281008599B8 /* Resources */ = {
			isa = PBXResourcesBuildPhase;
			buildActionMask = 2147483647;
			files = (
			);
			runOnlyForDeploymentPostprocessing = 0;
		};
		21F503E71F947281008599B8 /* Resources */ = {
			isa = PBXResourcesBuildPhase;
			buildActionMask = 2147483647;
			files = (
			);
			runOnlyForDeploymentPostprocessing = 0;
		};
/* End PBXResourcesBuildPhase section */

/* Begin PBXSourcesBuildPhase section */
		21F503C41F947281008599B8 /* Sources */ = {
			isa = PBXSourcesBuildPhase;
			buildActionMask = 2147483647;
			files = (
				21F503D01F947281008599B8 /* GameViewController.swift in Sources */,
				21F503CC1F947281008599B8 /* AppDelegate.swift in Sources */,
			);
			runOnlyForDeploymentPostprocessing = 0;
		};
		21F503DA1F947281008599B8 /* Sources */ = {
			isa = PBXSourcesBuildPhase;
			buildActionMask = 2147483647;
			files = (
				21F503E31F947281008599B8 /* ComboNumericTests.swift in Sources */,
			);
			runOnlyForDeploymentPostprocessing = 0;
		};
		21F503E51F947281008599B8 /* Sources */ = {
			isa = PBXSourcesBuildPhase;
			buildActionMask = 2147483647;
			files = (
				21F503EE1F947281008599B8 /* ComboNumericUITests.swift in Sources */,
			);
			runOnlyForDeploymentPostprocessing = 0;
		};
/* End PBXSourcesBuildPhase section */

/* Begin PBXTargetDependency section */
		21F503E01F947281008599B8 /* PBXTargetDependency */ = {
			isa = PBXTargetDependency;
			target = 21F503C71F947281008599B8 /* ComboNumeric */;
			targetProxy = 21F503DF1F947281008599B8 /* PBXContainerItemProxy */;
		};
		21F503EB1F947281008599B8 /* PBXTargetDependency */ = {
			isa = PBXTargetDependency;
			target = 21F503C71F947281008599B8 /* ComboNumeric */;
			targetProxy = 21F503EA1F947281008599B8 /* PBXContainerItemProxy */;
		};
/* End PBXTargetDependency section */

/* Begin PBXVariantGroup section */
		21F503D11F947281008599B8 /* Main.storyboard */ = {
			isa = PBXVariantGroup;
			children = (
				21F503D21F947281008599B8 /* Base */,
			);
			name = Main.storyboard;
			sourceTree = "<group>";
		};
		21F503D61F947281008599B8 /* LaunchScreen.storyboard */ = {
			isa = PBXVariantGroup;
			children = (
				21F503D71F947281008599B8 /* Base */,
			);
			name = LaunchScreen.storyboard;
			sourceTree = "<group>";
		};
/* End PBXVariantGroup section */

/* Begin XCBuildConfiguration section */
		21F503F01F947281008599B8 /* Debug */ = {
			isa = XCBuildConfiguration;
			buildSettings = {
				ALWAYS_SEARCH_USER_PATHS = NO;
				CLANG_ANALYZER_NONNULL = YES;
				CLANG_CXX_LANGUAGE_STANDARD = "gnu++0x";
				CLANG_CXX_LIBRARY = "libc++";
				CLANG_ENABLE_MODULES = YES;
				CLANG_ENABLE_OBJC_ARC = YES;
				CLANG_WARN_BOOL_CONVERSION = YES;
				CLANG_WARN_CONSTANT_CONVERSION = YES;
				CLANG_WARN_DIRECT_OBJC_ISA_USAGE = YES_ERROR;
				CLANG_WARN_EMPTY_BODY = YES;
				CLANG_WARN_ENUM_CONVERSION = YES;
				CLANG_WARN_INT_CONVERSION = YES;
				CLANG_WARN_OBJC_ROOT_CLASS = YES_ERROR;
				CLANG_WARN_UNREACHABLE_CODE = YES;
				CLANG_WARN__DUPLICATE_METHOD_MATCH = YES;
				"CODE_SIGN_IDENTITY[sdk=iphoneos*]" = "iPhone Developer";
				COPY_PHASE_STRIP = NO;
				DEBUG_INFORMATION_FORMAT = "dwarf-with-dsym";
				ENABLE_STRICT_OBJC_MSGSEND = YES;
				ENABLE_TESTABILITY = YES;
				GCC_C_LANGUAGE_STANDARD = gnu99;
				GCC_DYNAMIC_NO_PIC = NO;
				GCC_NO_COMMON_BLOCKS = YES;
				GCC_OPTIMIZATION_LEVEL = 0;
				GCC_PREPROCESSOR_DEFINITIONS = (
					"DEBUG=1",
					"$(inherited)",
				);
				GCC_WARN_64_TO_32_BIT_CONVERSION = YES;
				GCC_WARN_ABOUT_RETURN_TYPE = YES_ERROR;
				GCC_WARN_UNDECLARED_SELECTOR = YES;
				GCC_WARN_UNINITIALIZED_AUTOS = YES_AGGRESSIVE;
				GCC_WARN_UNUSED_FUNCTION = YES;
				GCC_WARN_UNUSED_VARIABLE = YES;
				IPHONEOS_DEPLOYMENT_TARGET = 9.3;
				MTL_ENABLE_DEBUG_INFO = YES;
				ONLY_ACTIVE_ARCH = YES;
				SDKROOT = iphoneos;
				SWIFT_OPTIMIZATION_LEVEL = "-Onone";
				TARGETED_DEVICE_FAMILY = "1,2";
			};
			name = Debug;
		};
		21F503F11F947281008599B8 /* Release */ = {
			isa = XCBuildConfiguration;
			buildSettings = {
				ALWAYS_SEARCH_USER_PATHS = NO;
				CLANG_ANALYZER_NONNULL = YES;
				CLANG_CXX_LANGUAGE_STANDARD = "gnu++0x";
				CLANG_CXX_LIBRARY = "libc++";
				CLANG_ENABLE_MODULES = YES;
				CLANG_ENABLE_OBJC_ARC = YES;
				CLANG_WARN_BOOL_CONVERSION = YES;
				CLANG_WARN_CONSTANT_CONVERSION = YES;
				CLANG_WARN_DIRECT_OBJC_ISA_USAGE = YES_ERROR;
				CLANG_WARN_EMPTY_BODY = YES;
				CLANG_WARN_ENUM_CONVERSION = YES;
				CLANG_WARN_INT_CONVERSION = YES;
				CLANG_WARN_OBJC_ROOT_CLASS = YES_ERROR;
				CLANG_WARN_UNREACHABLE_CODE = YES;
				CLANG_WARN__DUPLICATE_METHOD_MATCH = YES;
				"CODE_SIGN_IDENTITY[sdk=iphoneos*]" = "iPhone Developer";
				COPY_PHASE_STRIP = NO;
				DEBUG_INFORMATION_FORMAT = "dwarf-with-dsym";
				ENABLE_NS_ASSERTIONS = NO;
				ENABLE_STRICT_OBJC_MSGSEND = YES;
				GCC_C_LANGUAGE_STANDARD = gnu99;
				GCC_NO_COMMON_BLOCKS = YES;
				GCC_WARN_64_TO_32_BIT_CONVERSION = YES;
				GCC_WARN_ABOUT_RETURN_TYPE = YES_ERROR;
				GCC_WARN_UNDECLARED_SELECTOR = YES;
				GCC_WARN_UNINITIALIZED_AUTOS = YES_AGGRESSIVE;
				GCC_WARN_UNUSED_FUNCTION = YES;
				GCC_WARN_UNUSED_VARIABLE = YES;
				IPHONEOS_DEPLOYMENT_TARGET = 9.3;
				MTL_ENABLE_DEBUG_INFO = NO;
				SDKROOT = iphoneos;
				TARGETED_DEVICE_FAMILY = "1,2";
				VALIDATE_PRODUCT = YES;
			};
			name = Release;
		};
		21F503F31F947281008599B8 /* Debug */ = {
			isa = XCBuildConfiguration;
			buildSettings = {
				ASSETCATALOG_COMPILER_APPICON_NAME = AppIcon;
				INFOPLIST_FILE = ComboNumeric/Info.plist;
				LD_RUNPATH_SEARCH_PATHS = "$(inherited) @executable_path/Frameworks";
				PRODUCT_BUNDLE_IDENTIFIER = com.AJH.ComboNumeric;
				PRODUCT_NAME = "$(TARGET_NAME)";
			};
			name = Debug;
		};
		21F503F41F947281008599B8 /* Release */ = {
			isa = XCBuildConfiguration;
			buildSettings = {
				ASSETCATALOG_COMPILER_APPICON_NAME = AppIcon;
				INFOPLIST_FILE = ComboNumeric/Info.plist;
				LD_RUNPATH_SEARCH_PATHS = "$(inherited) @executable_path/Frameworks";
				PRODUCT_BUNDLE_IDENTIFIER = com.AJH.ComboNumeric;
				PRODUCT_NAME = "$(TARGET_NAME)";
			};
			name = Release;
		};
		21F503F61F947281008599B8 /* Debug */ = {
			isa = XCBuildConfiguration;
			buildSettings = {
				BUNDLE_LOADER = "$(TEST_HOST)";
				DEBUG_INFORMATION_FORMAT = dwarf;
				INFOPLIST_FILE = ComboNumericTests/Info.plist;
				LD_RUNPATH_SEARCH_PATHS = "$(inherited) @executable_path/Frameworks @loader_path/Frameworks";
				PRODUCT_BUNDLE_IDENTIFIER = com.AJH.ComboNumericTests;
				PRODUCT_NAME = "$(TARGET_NAME)";
				TEST_HOST = "$(BUILT_PRODUCTS_DIR)/ComboNumeric.app/ComboNumeric";
			};
			name = Debug;
		};
		21F503F71F947281008599B8 /* Release */ = {
			isa = XCBuildConfiguration;
			buildSettings = {
				BUNDLE_LOADER = "$(TEST_HOST)";
				INFOPLIST_FILE = ComboNumericTests/Info.plist;
				LD_RUNPATH_SEARCH_PATHS = "$(inherited) @executable_path/Frameworks @loader_path/Frameworks";
				PRODUCT_BUNDLE_IDENTIFIER = com.AJH.ComboNumericTests;
				PRODUCT_NAME = "$(TARGET_NAME)";
				TEST_HOST = "$(BUILT_PRODUCTS_DIR)/ComboNumeric.app/ComboNumeric";
			};
			name = Release;
		};
		21F503F91F947281008599B8 /* Debug */ = {
			isa = XCBuildConfiguration;
			buildSettings = {
				DEBUG_INFORMATION_FORMAT = dwarf;
				INFOPLIST_FILE = ComboNumericUITests/Info.plist;
				LD_RUNPATH_SEARCH_PATHS = "$(inherited) @executable_path/Frameworks @loader_path/Frameworks";
				PRODUCT_BUNDLE_IDENTIFIER = com.AJH.ComboNumericUITests;
				PRODUCT_NAME = "$(TARGET_NAME)";
				TEST_TARGET_NAME = ComboNumeric;
			};
			name = Debug;
		};
		21F503FA1F947281008599B8 /* Release */ = {
			isa = XCBuildConfiguration;
			buildSettings = {
				INFOPLIST_FILE = ComboNumericUITests/Info.plist;
				LD_RUNPATH_SEARCH_PATHS = "$(inherited) @executable_path/Frameworks @loader_path/Frameworks";
				PRODUCT_BUNDLE_IDENTIFIER = com.AJH.ComboNumericUITests;
				PRODUCT_NAME = "$(TARGET_NAME)";
				TEST_TARGET_NAME = ComboNumeric;
			};
			name = Release;
		};
/* End XCBuildConfiguration section */

/* Begin XCConfigurationList section */
		21F503C31F947281008599B8 /* Build configuration list for PBXProject "ComboNumeric" */ = {
			isa = XCConfigurationList;
			buildConfigurations = (
				21F503F01F947281008599B8 /* Debug */,
				21F503F11F947281008599B8 /* Release */,
			);
			defaultConfigurationIsVisible = 0;
			defaultConfigurationName = Release;
		};
		21F503F21F947281008599B8 /* Build configuration list for PBXNativeTarget "ComboNumeric" */ = {
			isa = XCConfigurationList;
			buildConfigurations = (
				21F503F31F947281008599B8 /* Debug */,
				21F503F41F947281008599B8 /* Release */,
			);
			defaultConfigurationIsVisible = 0;
		};
		21F503F51F947281008599B8 /* Build configuration list for PBXNativeTarget "ComboNumericTests" */ = {
			isa = XCConfigurationList;
			buildConfigurations = (
				21F503F61F947281008599B8 /* Debug */,
				21F503F71F947281008599B8 /* Release */,
			);
			defaultConfigurationIsVisible = 0;
		};
		21F503F81F947281008599B8 /* Build configuration list for PBXNativeTarget "ComboNumericUITests" */ = {
			isa = XCConfigurationList;
			buildConfigurations = (
				21F503F91F947281008599B8 /* Debug */,
				21F503FA1F947281008599B8 /* Release */,
			);
			defaultConfigurationIsVisible = 0;
		};
/* End XCConfigurationList section */
	};
	rootObject = 21F503C01F947281008599B8 /* Project object */;
}
